
Microsoft Visual Studio Solution File, Format Version 12.00
# Visual Studio 15
VisualStudioVersion = 15.0.28307.1705
MinimumVisualStudioVersion = 10.0.40219.1
Project("{FAE04EC0-301F-11D3-BF4B-00C04F79EFBC}") = "XwaSmootherGUI", "XwaSmootherGUI\XwaSmootherGUI.csproj", "{E460FCA6-3222-4F14-8938-25F27B284584}"
EndProject
Project("{FAE04EC0-301F-11D3-BF4B-00C04F79EFBC}") = "XwaSmootherEngine", "Engine\XwaSmootherEngine.csproj", "{7EF50F6F-E050-4566-B87D-0CDFFF52E4AA}"
EndProject
Global
	GlobalSection(SolutionConfigurationPlatforms) = preSolution
		Debug|Any CPU = Debug|Any CPU
		Release|Any CPU = Release|Any CPU
	EndGlobalSection
	GlobalSection(ProjectConfigurationPlatforms) = postSolution
		{E460FCA6-3222-4F14-8938-25F27B284584}.Debug|Any CPU.ActiveCfg = Debug|Any CPU
		{E460FCA6-3222-4F14-8938-25F27B284584}.Debug|Any CPU.Build.0 = Debug|Any CPU
		{E460FCA6-3222-4F14-8938-25F27B284584}.Release|Any CPU.ActiveCfg = Release|Any CPU
		{E460FCA6-3222-4F14-8938-25F27B284584}.Release|Any CPU.Build.0 = Release|Any CPU
		{7EF50F6F-E050-4566-B87D-0CDFFF52E4AA}.Debug|Any CPU.ActiveCfg = Debug|Any CPU
		{7EF50F6F-E050-4566-B87D-0CDFFF52E4AA}.Debug|Any CPU.Build.0 = Debug|Any CPU
		{7EF50F6F-E050-4566-B87D-0CDFFF52E4AA}.Release|Any CPU.ActiveCfg = Release|Any CPU
		{7EF50F6F-E050-4566-B87D-0CDFFF52E4AA}.Release|Any CPU.Build.0 = Release|Any CPU
	EndGlobalSection
	GlobalSection(SolutionProperties) = preSolution
		HideSolutionNode = FALSE
	EndGlobalSection
	GlobalSection(ExtensibilityGlobals) = postSolution
		SolutionGuid = {A69D9C9A-11E2-4781-852D-0E0363CE80CB}
	EndGlobalSection
EndGlobal
